
Microsoft Visual Studio Solution File, Format Version 12.00
# Visual Studio Version 16
VisualStudioVersion = 16.0.29806.167
MinimumVisualStudioVersion = 10.0.40219.1
Project("{8BC9CEB8-8B4A-11D0-8D11-00A0C91BC942}") = "DirectX11_Game", "DirectX11_Game.vcxproj", "{926E6B27-F964-4E09-AFE9-E12BFE8CDC81}"
EndProject
Project("{FAE04EC0-301F-11D3-BF4B-00C04F79EFBC}") = "ObjectBuilder", "..\ObjectBuilder\ObjectBuilder.csproj", "{B6B7F111-C30F-465A-B62B-3BD353E4C9A0}"
EndProject
Global
	GlobalSection(SolutionConfigurationPlatforms) = preSolution
		Debug|Any CPU = Debug|Any CPU
		Debug|ARM = Debug|ARM
		Debug|ARM64 = Debug|ARM64
		Debug|x64 = Debug|x64
		Debug|x86 = Debug|x86
		Release|Any CPU = Release|Any CPU
		Release|ARM = Release|ARM
		Release|ARM64 = Release|ARM64
		Release|x64 = Release|x64
		Release|x86 = Release|x86
	EndGlobalSection
	GlobalSection(ProjectConfigurationPlatforms) = postSolution
		{926E6B27-F964-4E09-AFE9-E12BFE8CDC81}.Debug|Any CPU.ActiveCfg = Debug|Win32
		{926E6B27-F964-4E09-AFE9-E12BFE8CDC81}.Debug|ARM.ActiveCfg = Debug|ARM
		{926E6B27-F964-4E09-AFE9-E12BFE8CDC81}.Debug|ARM.Build.0 = Debug|ARM
		{926E6B27-F964-4E09-AFE9-E12BFE8CDC81}.Debug|ARM.Deploy.0 = Debug|ARM
		{926E6B27-F964-4E09-AFE9-E12BFE8CDC81}.Debug|ARM64.ActiveCfg = Debug|ARM64
		{926E6B27-F964-4E09-AFE9-E12BFE8CDC81}.Debug|ARM64.Build.0 = Debug|ARM64
		{926E6B27-F964-4E09-AFE9-E12BFE8CDC81}.Debug|ARM64.Deploy.0 = Debug|ARM64
		{926E6B27-F964-4E09-AFE9-E12BFE8CDC81}.Debug|x64.ActiveCfg = Debug|x64
		{926E6B27-F964-4E09-AFE9-E12BFE8CDC81}.Debug|x64.Build.0 = Debug|x64
		{926E6B27-F964-4E09-AFE9-E12BFE8CDC81}.Debug|x64.Deploy.0 = Debug|x64
		{926E6B27-F964-4E09-AFE9-E12BFE8CDC81}.Debug|x86.ActiveCfg = Debug|Win32
		{926E6B27-F964-4E09-AFE9-E12BFE8CDC81}.Debug|x86.Build.0 = Debug|Win32
		{926E6B27-F964-4E09-AFE9-E12BFE8CDC81}.Debug|x86.Deploy.0 = Debug|Win32
		{926E6B27-F964-4E09-AFE9-E12BFE8CDC81}.Release|Any CPU.ActiveCfg = Release|Win32
		{926E6B27-F964-4E09-AFE9-E12BFE8CDC81}.Release|ARM.ActiveCfg = Release|ARM
		{926E6B27-F964-4E09-AFE9-E12BFE8CDC81}.Release|ARM.Build.0 = Release|ARM
		{926E6B27-F964-4E09-AFE9-E12BFE8CDC81}.Release|ARM.Deploy.0 = Release|ARM
		{926E6B27-F964-4E09-AFE9-E12BFE8CDC81}.Release|ARM64.ActiveCfg = Release|ARM64
		{926E6B27-F964-4E09-AFE9-E12BFE8CDC81}.Release|ARM64.Build.0 = Release|ARM64
		{926E6B27-F964-4E09-AFE9-E12BFE8CDC81}.Release|ARM64.Deploy.0 = Release|ARM64
		{926E6B27-F964-4E09-AFE9-E12BFE8CDC81}.Release|x64.ActiveCfg = Release|x64
		{926E6B27-F964-4E09-AFE9-E12BFE8CDC81}.Release|x64.Build.0 = Release|x64
		{926E6B27-F964-4E09-AFE9-E12BFE8CDC81}.Release|x64.Deploy.0 = Release|x64
		{926E6B27-F964-4E09-AFE9-E12BFE8CDC81}.Release|x86.ActiveCfg = Release|Win32
		{926E6B27-F964-4E09-AFE9-E12BFE8CDC81}.Release|x86.Build.0 = Release|Win32
		{926E6B27-F964-4E09-AFE9-E12BFE8CDC81}.Release|x86.Deploy.0 = Release|Win32
		{B6B7F111-C30F-465A-B62B-3BD353E4C9A0}.Debug|Any CPU.ActiveCfg = Debug|Any CPU
		{B6B7F111-C30F-465A-B62B-3BD353E4C9A0}.Debug|Any CPU.Build.0 = Debug|Any CPU
		{B6B7F111-C30F-465A-B62B-3BD353E4C9A0}.Debug|ARM.ActiveCfg = Debug|Any CPU
		{B6B7F111-C30F-465A-B62B-3BD353E4C9A0}.Debug|ARM.Build.0 = Debug|Any CPU
		{B6B7F111-C30F-465A-B62B-3BD353E4C9A0}.Debug|ARM64.ActiveCfg = Debug|Any CPU
		{B6B7F111-C30F-465A-B62B-3BD353E4C9A0}.Debug|ARM64.Build.0 = Debug|Any CPU
		{B6B7F111-C30F-465A-B62B-3BD353E4C9A0}.Debug|x64.ActiveCfg = Debug|Any CPU
		{B6B7F111-C30F-465A-B62B-3BD353E4C9A0}.Debug|x64.Build.0 = Debug|Any CPU
		{B6B7F111-C30F-465A-B62B-3BD353E4C9A0}.Debug|x86.ActiveCfg = Debug|Any CPU
		{B6B7F111-C30F-465A-B62B-3BD353E4C9A0}.Debug|x86.Build.0 = Debug|Any CPU
		{B6B7F111-C30F-465A-B62B-3BD353E4C9A0}.Release|Any CPU.ActiveCfg = Release|Any CPU
		{B6B7F111-C30F-465A-B62B-3BD353E4C9A0}.Release|Any CPU.Build.0 = Release|Any CPU
		{B6B7F111-C30F-465A-B62B-3BD353E4C9A0}.Release|ARM.ActiveCfg = Release|Any CPU
		{B6B7F111-C30F-465A-B62B-3BD353E4C9A0}.Release|ARM.Build.0 = Release|Any CPU
		{B6B7F111-C30F-465A-B62B-3BD353E4C9A0}.Release|ARM64.ActiveCfg = Release|Any CPU
		{B6B7F111-C30F-465A-B62B-3BD353E4C9A0}.Release|ARM64.Build.0 = Release|Any CPU
		{B6B7F111-C30F-465A-B62B-3BD353E4C9A0}.Release|x64.ActiveCfg = Release|Any CPU
		{B6B7F111-C30F-465A-B62B-3BD353E4C9A0}.Release|x64.Build.0 = Release|Any CPU
		{B6B7F111-C30F-465A-B62B-3BD353E4C9A0}.Release|x86.ActiveCfg = Release|Any CPU
		{B6B7F111-C30F-465A-B62B-3BD353E4C9A0}.Release|x86.Build.0 = Release|Any CPU
	EndGlobalSection
	GlobalSection(SolutionProperties) = preSolution
		HideSolutionNode = FALSE
	EndGlobalSection
	GlobalSection(ExtensibilityGlobals) = postSolution
		SolutionGuid = {3615ABBE-6DDA-4F68-B8FD-70D14C6D0FF9}
	EndGlobalSection
EndGlobal
